
Microsoft Visual Studio Solution File, Format Version 12.00
# Visual Studio Version 17
VisualStudioVersion = 17.8.34525.116
MinimumVisualStudioVersion = 10.0.40219.1
Project("{FAE04EC0-301F-11D3-BF4B-00C04F79EFBC}") = "PrimeraApp", "PrimeraApp\PrimeraApp.csproj", "{CA629C91-595D-418F-A20D-69259ADB176E}"
EndProject
Global
	GlobalSection(SolutionConfigurationPlatforms) = preSolution
		Debug|Any CPU = Debug|Any CPU
		Release|Any CPU = Release|Any CPU
	EndGlobalSection
	GlobalSection(ProjectConfigurationPlatforms) = postSolution
		{CA629C91-595D-418F-A20D-69259ADB176E}.Debug|Any CPU.ActiveCfg = Debug|Any CPU
		{CA629C91-595D-418F-A20D-69259ADB176E}.Debug|Any CPU.Build.0 = Debug|Any CPU
		{CA629C91-595D-418F-A20D-69259ADB176E}.Release|Any CPU.ActiveCfg = Release|Any CPU
		{CA629C91-595D-418F-A20D-69259ADB176E}.Release|Any CPU.Build.0 = Release|Any CPU
	EndGlobalSection
	GlobalSection(SolutionProperties) = preSolution
		HideSolutionNode = FALSE
	EndGlobalSection
	GlobalSection(ExtensibilityGlobals) = postSolution
		SolutionGuid = {FBA0350A-169C-4F2F-B102-B1E6B52916F3}
	EndGlobalSection
EndGlobal
